
Microsoft Visual Studio Solution File, Format Version 12.00
# Visual Studio Version 17
VisualStudioVersion = 17.3.32901.215
MinimumVisualStudioVersion = 10.0.40219.1
Project("{9A19103F-16F7-4668-BE54-9A1E7A4F7556}") = "InstrumentMonitor", "InstrumentMonitor\InstrumentMonitor.csproj", "{35B887CB-A18F-4D25-AD08-697716513C91}"
EndProject
Project("{9A19103F-16F7-4668-BE54-9A1E7A4F7556}") = "SimulationEngine", "SimulationEngine\SimulationEngine.csproj", "{9EF13B14-6923-4300-A718-3BFEDB87983B}"
EndProject
Project("{FAE04EC0-301F-11D3-BF4B-00C04F79EFBC}") = "SimulationEngineTests", "SimulationEngineTests\SimulationEngineTests.csproj", "{3BC629B7-2D39-449D-9F37-023386268BE8}"
EndProject
Global
	GlobalSection(SolutionConfigurationPlatforms) = preSolution
		Debug|Any CPU = Debug|Any CPU
		Release|Any CPU = Release|Any CPU
	EndGlobalSection
	GlobalSection(ProjectConfigurationPlatforms) = postSolution
		{35B887CB-A18F-4D25-AD08-697716513C91}.Debug|Any CPU.ActiveCfg = Debug|Any CPU
		{35B887CB-A18F-4D25-AD08-697716513C91}.Debug|Any CPU.Build.0 = Debug|Any CPU
		{35B887CB-A18F-4D25-AD08-697716513C91}.Release|Any CPU.ActiveCfg = Release|Any CPU
		{35B887CB-A18F-4D25-AD08-697716513C91}.Release|Any CPU.Build.0 = Release|Any CPU
		{9EF13B14-6923-4300-A718-3BFEDB87983B}.Debug|Any CPU.ActiveCfg = Debug|Any CPU
		{9EF13B14-6923-4300-A718-3BFEDB87983B}.Debug|Any CPU.Build.0 = Debug|Any CPU
		{9EF13B14-6923-4300-A718-3BFEDB87983B}.Release|Any CPU.ActiveCfg = Release|Any CPU
		{9EF13B14-6923-4300-A718-3BFEDB87983B}.Release|Any CPU.Build.0 = Release|Any CPU
		{3BC629B7-2D39-449D-9F37-023386268BE8}.Debug|Any CPU.ActiveCfg = Debug|Any CPU
		{3BC629B7-2D39-449D-9F37-023386268BE8}.Debug|Any CPU.Build.0 = Debug|Any CPU
		{3BC629B7-2D39-449D-9F37-023386268BE8}.Release|Any CPU.ActiveCfg = Release|Any CPU
		{3BC629B7-2D39-449D-9F37-023386268BE8}.Release|Any CPU.Build.0 = Release|Any CPU
	EndGlobalSection
	GlobalSection(SolutionProperties) = preSolution
		HideSolutionNode = FALSE
	EndGlobalSection
	GlobalSection(ExtensibilityGlobals) = postSolution
		SolutionGuid = {AFB14D43-F6D0-449D-BDEC-18418DCF89CC}
	EndGlobalSection
EndGlobal
